
Microsoft Visual Studio Solution File, Format Version 12.00
# Visual Studio 15
VisualStudioVersion = 15.0.27428.2002
MinimumVisualStudioVersion = 10.0.40219.1
Project("{FAE04EC0-301F-11D3-BF4B-00C04F79EFBC}") = "LPP", "LPP\LPP.csproj", "{FCA89B6D-C9CB-40B5-AF25-120C8BEABCF5}"
EndProject
Project("{FAE04EC0-301F-11D3-BF4B-00C04F79EFBC}") = "LPPTests", "LPPTests\LPPTests.csproj", "{6A9B8235-C458-4092-B8AD-D82C4BEC9CC1}"
EndProject
Global
	GlobalSection(SolutionConfigurationPlatforms) = preSolution
		Debug|Any CPU = Debug|Any CPU
		Release|Any CPU = Release|Any CPU
	EndGlobalSection
	GlobalSection(ProjectConfigurationPlatforms) = postSolution
		{FCA89B6D-C9CB-40B5-AF25-120C8BEABCF5}.Debug|Any CPU.ActiveCfg = Debug|Any CPU
		{FCA89B6D-C9CB-40B5-AF25-120C8BEABCF5}.Debug|Any CPU.Build.0 = Debug|Any CPU
		{FCA89B6D-C9CB-40B5-AF25-120C8BEABCF5}.Release|Any CPU.ActiveCfg = Release|Any CPU
		{FCA89B6D-C9CB-40B5-AF25-120C8BEABCF5}.Release|Any CPU.Build.0 = Release|Any CPU
		{6A9B8235-C458-4092-B8AD-D82C4BEC9CC1}.Debug|Any CPU.ActiveCfg = Debug|Any CPU
		{6A9B8235-C458-4092-B8AD-D82C4BEC9CC1}.Debug|Any CPU.Build.0 = Debug|Any CPU
		{6A9B8235-C458-4092-B8AD-D82C4BEC9CC1}.Release|Any CPU.ActiveCfg = Release|Any CPU
		{6A9B8235-C458-4092-B8AD-D82C4BEC9CC1}.Release|Any CPU.Build.0 = Release|Any CPU
	EndGlobalSection
	GlobalSection(SolutionProperties) = preSolution
		HideSolutionNode = FALSE
	EndGlobalSection
	GlobalSection(ExtensibilityGlobals) = postSolution
		SolutionGuid = {CBB8FC57-F89F-49B9-8172-8C79CAA659DD}
	EndGlobalSection
EndGlobal
